
Microsoft Visual Studio Solution File, Format Version 12.00
# Visual Studio 2017
Project("{FAE04EC0-301F-11D3-BF4B-00C04F79EFBC}") = "Transmission", "Transmission.csproj", "{718D2145-BD65-0741-6057-C63437504A2F}"
EndProject
Project("{FAE04EC0-301F-11D3-BF4B-00C04F79EFBC}") = "Transmission.Plugins", "Transmission.Plugins.csproj", "{B3E208A4-DFB2-36E4-39C3-37F0964D6A25}"
EndProject
Project("{FAE04EC0-301F-11D3-BF4B-00C04F79EFBC}") = "Transmission.Editor", "Transmission.Editor.csproj", "{39514312-FC77-350C-6A90-6EB45ADE35B2}"
EndProject
Project("{FAE04EC0-301F-11D3-BF4B-00C04F79EFBC}") = "Transmission.Editor.Plugins", "Transmission.Editor.Plugins.csproj", "{194995F6-C9DE-7D52-1C68-C4C256C7032B}"
EndProject
Global
	GlobalSection(SolutionConfigurationPlatforms) = preSolution
		Debug|Any CPU = Debug|Any CPU
		Release|Any CPU = Release|Any CPU
	EndGlobalSection
	GlobalSection(ProjectConfigurationPlatforms) = postSolution
		{718D2145-BD65-0741-6057-C63437504A2F}.Debug|Any CPU.ActiveCfg = Debug|Any CPU
		{718D2145-BD65-0741-6057-C63437504A2F}.Debug|Any CPU.Build.0 = Debug|Any CPU
		{718D2145-BD65-0741-6057-C63437504A2F}.Release|Any CPU.ActiveCfg = Release|Any CPU
		{718D2145-BD65-0741-6057-C63437504A2F}.Release|Any CPU.Build.0 = Release|Any CPU
		{B3E208A4-DFB2-36E4-39C3-37F0964D6A25}.Debug|Any CPU.ActiveCfg = Debug|Any CPU
		{B3E208A4-DFB2-36E4-39C3-37F0964D6A25}.Debug|Any CPU.Build.0 = Debug|Any CPU
		{B3E208A4-DFB2-36E4-39C3-37F0964D6A25}.Release|Any CPU.ActiveCfg = Release|Any CPU
		{B3E208A4-DFB2-36E4-39C3-37F0964D6A25}.Release|Any CPU.Build.0 = Release|Any CPU
		{39514312-FC77-350C-6A90-6EB45ADE35B2}.Debug|Any CPU.ActiveCfg = Debug|Any CPU
		{39514312-FC77-350C-6A90-6EB45ADE35B2}.Debug|Any CPU.Build.0 = Debug|Any CPU
		{39514312-FC77-350C-6A90-6EB45ADE35B2}.Release|Any CPU.ActiveCfg = Release|Any CPU
		{39514312-FC77-350C-6A90-6EB45ADE35B2}.Release|Any CPU.Build.0 = Release|Any CPU
		{194995F6-C9DE-7D52-1C68-C4C256C7032B}.Debug|Any CPU.ActiveCfg = Debug|Any CPU
		{194995F6-C9DE-7D52-1C68-C4C256C7032B}.Debug|Any CPU.Build.0 = Debug|Any CPU
		{194995F6-C9DE-7D52-1C68-C4C256C7032B}.Release|Any CPU.ActiveCfg = Release|Any CPU
		{194995F6-C9DE-7D52-1C68-C4C256C7032B}.Release|Any CPU.Build.0 = Release|Any CPU
	EndGlobalSection
	GlobalSection(SolutionProperties) = preSolution
		HideSolutionNode = FALSE
	EndGlobalSection
EndGlobal
